
Microsoft Visual Studio Solution File, Format Version 12.00
Project("{FAE04EC0-301F-11D3-BF4B-00C04F79EFBC}") = "BakeryManager.Core", "BakeryManager.Core\BakeryManager.Core.csproj", "{1AEA5338-898F-4882-9C0A-2F750CD54DB9}"
EndProject
Project("{FAE04EC0-301F-11D3-BF4B-00C04F79EFBC}") = "BakeryManager.Infrastructure", "BakeryManager.Infrastructure\BakeryManager.Infrastructure.csproj", "{3845487E-E741-4455-B5F3-7BDE25071A00}"
EndProject
Project("{FAE04EC0-301F-11D3-BF4B-00C04F79EFBC}") = "BakeryManager.WebAPI", "BakeryManager.WebAPI\BakeryManager.WebAPI.csproj", "{2EAAAAA3-D074-4FFC-8E2C-B06B969919D5}"
EndProject
Project("{FAE04EC0-301F-11D3-BF4B-00C04F79EFBC}") = "BakeryManager.WebApp", "BakeryManager.WebApp\BakeryManager.WebApp.csproj", "{04FEA01E-08E7-4FCC-BA22-327E06B19064}"
EndProject
Global
	GlobalSection(SolutionConfigurationPlatforms) = preSolution
		Debug|Any CPU = Debug|Any CPU
		Release|Any CPU = Release|Any CPU
	EndGlobalSection
	GlobalSection(ProjectConfigurationPlatforms) = postSolution
		{1AEA5338-898F-4882-9C0A-2F750CD54DB9}.Debug|Any CPU.ActiveCfg = Debug|Any CPU
		{1AEA5338-898F-4882-9C0A-2F750CD54DB9}.Debug|Any CPU.Build.0 = Debug|Any CPU
		{1AEA5338-898F-4882-9C0A-2F750CD54DB9}.Release|Any CPU.ActiveCfg = Release|Any CPU
		{1AEA5338-898F-4882-9C0A-2F750CD54DB9}.Release|Any CPU.Build.0 = Release|Any CPU
		{3845487E-E741-4455-B5F3-7BDE25071A00}.Debug|Any CPU.ActiveCfg = Debug|Any CPU
		{3845487E-E741-4455-B5F3-7BDE25071A00}.Debug|Any CPU.Build.0 = Debug|Any CPU
		{3845487E-E741-4455-B5F3-7BDE25071A00}.Release|Any CPU.ActiveCfg = Release|Any CPU
		{3845487E-E741-4455-B5F3-7BDE25071A00}.Release|Any CPU.Build.0 = Release|Any CPU
		{2EAAAAA3-D074-4FFC-8E2C-B06B969919D5}.Debug|Any CPU.ActiveCfg = Debug|Any CPU
		{2EAAAAA3-D074-4FFC-8E2C-B06B969919D5}.Debug|Any CPU.Build.0 = Debug|Any CPU
		{2EAAAAA3-D074-4FFC-8E2C-B06B969919D5}.Release|Any CPU.ActiveCfg = Release|Any CPU
		{2EAAAAA3-D074-4FFC-8E2C-B06B969919D5}.Release|Any CPU.Build.0 = Release|Any CPU
		{04FEA01E-08E7-4FCC-BA22-327E06B19064}.Debug|Any CPU.ActiveCfg = Debug|Any CPU
		{04FEA01E-08E7-4FCC-BA22-327E06B19064}.Debug|Any CPU.Build.0 = Debug|Any CPU
		{04FEA01E-08E7-4FCC-BA22-327E06B19064}.Release|Any CPU.ActiveCfg = Release|Any CPU
		{04FEA01E-08E7-4FCC-BA22-327E06B19064}.Release|Any CPU.Build.0 = Release|Any CPU
	EndGlobalSection
EndGlobal
